
Microsoft Visual Studio Solution File, Format Version 12.00
# Visual Studio Version 17
VisualStudioVersion = 17.9.34728.123
MinimumVisualStudioVersion = 10.0.40219.1
Project("{FAE04EC0-301F-11D3-BF4B-00C04F79EFBC}") = "StockAdvisorBackend", "StockAdvisorBackend.csproj", "{AD3AFB3F-3015-4B8C-BE7A-2FF882482D80}"
EndProject
Global
	GlobalSection(SolutionConfigurationPlatforms) = preSolution
		Debug|Any CPU = Debug|Any CPU
		Release|Any CPU = Release|Any CPU
	EndGlobalSection
	GlobalSection(ProjectConfigurationPlatforms) = postSolution
		{AD3AFB3F-3015-4B8C-BE7A-2FF882482D80}.Debug|Any CPU.ActiveCfg = Debug|Any CPU
		{AD3AFB3F-3015-4B8C-BE7A-2FF882482D80}.Debug|Any CPU.Build.0 = Debug|Any CPU
		{AD3AFB3F-3015-4B8C-BE7A-2FF882482D80}.Release|Any CPU.ActiveCfg = Release|Any CPU
		{AD3AFB3F-3015-4B8C-BE7A-2FF882482D80}.Release|Any CPU.Build.0 = Release|Any CPU
	EndGlobalSection
	GlobalSection(SolutionProperties) = preSolution
		HideSolutionNode = FALSE
	EndGlobalSection
	GlobalSection(ExtensibilityGlobals) = postSolution
		SolutionGuid = {C97C1A57-98BB-4F27-B753-B6CCCE16C6B7}
	EndGlobalSection
EndGlobal
